core:changelogs:
  - content: "---\npackages:\n  \"@yuragi-labs/core\":\n    type: patch\n  \"@yuragi-labs/react\":\n    type: patch\n---\n\n## Add configurable hover motion\n\nAdd Layered-style group movement to the hollow hover treatment. Each Unicode\nword-boundary group receives a small diagonal offset of up to 2 px per axis,\ngenerated once per SVG, while reduced-motion preferences disable the movement.\n\nAdd `hoverMotion` to the core renderer and React `YuragiText`. It follows the\noutline setting by default, can be disabled independently, and can be enabled\nwithout the outline treatment. React updates hover effects in place without\nrecreating the SVG or replaying its animation. The playground Demo includes a\nseparate Hover motion control.\n"
    filename: 2026-08-03-mtfg7k2p.md
    v: 0.0.0
  - content: "---\npackages:\n  \"@yuragi-labs/core\":\n    type: minor\n---\n\n## Export static SVG path geometry\n\nAdd `outlineToSvgPath` for DOM-free integrations that need a single SVG path.\nIt reuses Yuragi's text layout, flattens glyph positions and font scaling into\nthe path coordinates, and returns the corresponding view box.\n"
    filename: 2026-08-03-outline-svg-path.md
    v: 0.0.0
core:packages:
  - id: npm:@yuragi-labs/compiler
    updated: true
  - changelogIds:
      - 2026-08-03-mtfg7k2p.md
      - 2026-08-03-outline-svg-path.md
    id: npm:@yuragi-labs/core
    updated: true
  - changelogIds:
      - 2026-08-03-mtfg7k2p.md
    id: npm:@yuragi-labs/react
    updated: true
npm:packages:
  - id: npm:@yuragi-labs/compiler
  - id: npm:@yuragi-labs/core
  - id: npm:@yuragi-labs/react
